// !$*UTF8*$!
{
	archiveVersion = 1;
	classes = {
	};
	objectVersion = 50;
	objects = {

/* Begin PBXBuildFile section */
		B639F48320F11E1000B15727 /* AppDelegate.swift in Sources */ = {isa = PBXBuildFile; fileRef = B639F48220F11E1000B15727 /* AppDelegate.swift */; };
		B639F48820F11E1000B15727 /* Main.storyboard in Resources */ = {isa = PBXBuildFile; fileRef = B639F48620F11E1000B15727 /* Main.storyboard */; };
		B639F48A20F11E1100B15727 /* Assets.xcassets in Resources */ = {isa = PBXBuildFile; fileRef = B639F48920F11E1100B15727 /* Assets.xcassets */; };
		B639F48D20F11E1200B15727 /* LaunchScreen.storyboard in Resources */ = {isa = PBXBuildFile; fileRef = B639F48B20F11E1200B15727 /* LaunchScreen.storyboard */; };
		B639F49B20F1249D00B15727 /* FriendsTableViewController.swift in Sources */ = {isa = PBXBuildFile; fileRef = B639F49A20F1249D00B15727 /* FriendsTableViewController.swift */; };
		B639F49D20F125A700B15727 /* FriendDetailViewController.swift in Sources */ = {isa = PBXBuildFile; fileRef = B639F49C20F125A700B15727 /* FriendDetailViewController.swift */; };
		B639F49F20F12C8700B15727 /* Friend.swift in Sources */ = {isa = PBXBuildFile; fileRef = B639F49E20F12C8700B15727 /* Friend.swift */; };
/* End PBXBuildFile section */

/* Begin PBXFileReference section */
		B639F47F20F11E1000B15727 /* FriendRater.app */ = {isa = PBXFileReference; explicitFileType = wrapper.application; includeInIndex = 0; path = FriendRater.app; sourceTree = BUILT_PRODUCTS_DIR; };
		B639F48220F11E1000B15727 /* AppDelegate.swift */ = {isa = PBXFileReference; lastKnownFileType = sourcecode.swift; path = AppDelegate.swift; sourceTree = "<group>"; };
		B639F48720F11E1000B15727 /* Base */ = {isa = PBXFileReference; lastKnownFileType = file.storyboard; name = Base; path = Base.lproj/Main.storyboard; sourceTree = "<group>"; };
		B639F48920F11E1100B15727 /* Assets.xcassets */ = {isa = PBXFileReference; lastKnownFileType = folder.assetcatalog; path = Assets.xcassets; sourceTree = "<group>"; };
		B639F48C20F11E1200B15727 /* Base */ = {isa = PBXFileReference; lastKnownFileType = file.storyboard; name = Base; path = Base.lproj/LaunchScreen.storyboard; sourceTree = "<group>"; };
		B639F48E20F11E1200B15727 /* Info.plist */ = {isa = PBXFileReference; lastKnownFileType = text.plist.xml; path = Info.plist; sourceTree = "<group>"; };
		B639F49A20F1249D00B15727 /* FriendsTableViewController.swift */ = {isa = PBXFileReference; lastKnownFileType = sourcecode.swift; path = FriendsTableViewController.swift; sourceTree = "<group>"; };
		B639F49C20F125A700B15727 /* FriendDetailViewController.swift */ = {isa = PBXFileReference; lastKnownFileType = sourcecode.swift; path = FriendDetailViewController.swift; sourceTree = "<group>"; };
		B639F49E20F12C8700B15727 /* Friend.swift */ = {isa = PBXFileReference; lastKnownFileType = sourcecode.swift; path = Friend.swift; sourceTree = "<group>"; };
/* End PBXFileReference section */

/* Begin PBXFrameworksBuildPhase section */
		B639F47C20F11E1000B15727 /* Frameworks */ = {
			isa = PBXFrameworksBuildPhase;
			buildActionMask = 2147483647;
			files = (
			);
			runOnlyForDeploymentPostprocessing = 0;
		};
/* End PBXFrameworksBuildPhase section */

/* Begin PBXGroup section */
		B639F47620F11E1000B15727 = {
			isa = PBXGroup;
			children = (
				B639F48120F11E1000B15727 /* FriendRater */,
				B639F48020F11E1000B15727 /* Products */,
			);
			sourceTree = "<group>";
		};
		B639F48020F11E1000B15727 /* Products */ = {
			isa = PBXGroup;
			children = (
				B639F47F20F11E1000B15727 /* FriendRater.app */,
			);
			name = Products;
			sourceTree = "<group>";
		};
		B639F48120F11E1000B15727 /* FriendRater */ = {
			isa = PBXGroup;
			children = (
				B639F48220F11E1000B15727 /* AppDelegate.swift */,
				B639F49720F11E6F00B15727 /* Model */,
				B639F49620F11E6300B15727 /* View */,
				B639F49520F11E5A00B15727 /* Controllers */,
				B639F49420F11E4000B15727 /* Resources */,
			);
			path = FriendRater;
			sourceTree = "<group>";
		};
		B639F49420F11E4000B15727 /* Resources */ = {
			isa = PBXGroup;
			children = (
				B639F48920F11E1100B15727 /* Assets.xcassets */,
				B639F48B20F11E1200B15727 /* LaunchScreen.storyboard */,
				B639F48E20F11E1200B15727 /* Info.plist */,
			);
			path = Resources;
			sourceTree = "<group>";
		};
		B639F49520F11E5A00B15727 /* Controllers */ = {
			isa = PBXGroup;
			children = (
				B639F49920F11E8200B15727 /* ModelController */,
				B639F49820F11E7700B15727 /* ViewControllers */,
			);
			path = Controllers;
			sourceTree = "<group>";
		};
		B639F49620F11E6300B15727 /* View */ = {
			isa = PBXGroup;
			children = (
				B639F48620F11E1000B15727 /* Main.storyboard */,
			);
			path = View;
			sourceTree = "<group>";
		};
		B639F49720F11E6F00B15727 /* Model */ = {
			isa = PBXGroup;
			children = (
				B639F49E20F12C8700B15727 /* Friend.swift */,
			);
			path = Model;
			sourceTree = "<group>";
		};
		B639F49820F11E7700B15727 /* ViewControllers */ = {
			isa = PBXGroup;
			children = (
				B639F49A20F1249D00B15727 /* FriendsTableViewController.swift */,
				B639F49C20F125A700B15727 /* FriendDetailViewController.swift */,
			);
			path = ViewControllers;
			sourceTree = "<group>";
		};
		B639F49920F11E8200B15727 /* ModelController */ = {
			isa = PBXGroup;
			children = (
			);
			path = ModelController;
			sourceTree = "<group>";
		};
/* End PBXGroup section */

/* Begin PBXNativeTarget section */
		B639F47E20F11E1000B15727 /* FriendRater */ = {
			isa = PBXNativeTarget;
			buildConfigurationList = B639F49120F11E1200B15727 /* Build configuration list for PBXNativeTarget "FriendRater" */;
			buildPhases = (
				B639F47B20F11E1000B15727 /* Sources */,
				B639F47C20F11E1000B15727 /* Frameworks */,
				B639F47D20F11E1000B15727 /* Resources */,
			);
			buildRules = (
			);
			dependencies = (
			);
			name = FriendRater;
			productName = FriendRater;
			productReference = B639F47F20F11E1000B15727 /* FriendRater.app */;
			productType = "com.apple.product-type.application";
		};
/* End PBXNativeTarget section */

/* Begin PBXProject section */
		B639F47720F11E1000B15727 /* Project object */ = {
			isa = PBXProject;
			attributes = {
				LastSwiftUpdateCheck = 0940;
				LastUpgradeCheck = 0940;
				ORGANIZATIONNAME = "Zachary Frew";
				TargetAttributes = {
					B639F47E20F11E1000B15727 = {
						CreatedOnToolsVersion = 9.4.1;
					};
				};
			};
			buildConfigurationList = B639F47A20F11E1000B15727 /* Build configuration list for PBXProject "FriendRater" */;
			compatibilityVersion = "Xcode 9.3";
			developmentRegion = en;
			hasScannedForEncodings = 0;
			knownRegions = (
				en,
				Base,
			);
			mainGroup = B639F47620F11E1000B15727;
			productRefGroup = B639F48020F11E1000B15727 /* Products */;
			projectDirPath = "";
			projectRoot = "";
			targets = (
				B639F47E20F11E1000B15727 /* FriendRater */,
			);
		};
/* End PBXProject section */

/* Begin PBXResourcesBuildPhase section */
		B639F47D20F11E1000B15727 /* Resources */ = {
			isa = PBXResourcesBuildPhase;
			buildActionMask = 2147483647;
			files = (
				B639F48D20F11E1200B15727 /* LaunchScreen.storyboard in Resources */,
				B639F48A20F11E1100B15727 /* Assets.xcassets in Resources */,
				B639F48820F11E1000B15727 /* Main.storyboard in Resources */,
			);
			runOnlyForDeploymentPostprocessing = 0;
		};
/* End PBXResourcesBuildPhase section */

/* Begin PBXSourcesBuildPhase section */
		B639F47B20F11E1000B15727 /* Sources */ = {
			isa = PBXSourcesBuildPhase;
			buildActionMask = 2147483647;
			files = (
				B639F49B20F1249D00B15727 /* FriendsTableViewController.swift in Sources */,
				B639F49F20F12C8700B15727 /* Friend.swift in Sources */,
				B639F48320F11E1000B15727 /* AppDelegate.swift in Sources */,
				B639F49D20F125A700B15727 /* FriendDetailViewController.swift in Sources */,
			);
			runOnlyForDeploymentPostprocessing = 0;
		};
/* End PBXSourcesBuildPhase section */

/* Begin PBXVariantGroup section */
		B639F48620F11E1000B15727 /* Main.storyboard */ = {
			isa = PBXVariantGroup;
			children = (
				B639F48720F11E1000B15727 /* Base */,
			);
			name = Main.storyboard;
			sourceTree = "<group>";
		};
		B639F48B20F11E1200B15727 /* LaunchScreen.storyboard */ = {
			isa = PBXVariantGroup;
			children = (
				B639F48C20F11E1200B15727 /* Base */,
			);
			name = LaunchScreen.storyboard;
			sourceTree = "<group>";
		};
/* End PBXVariantGroup section */

/* Begin XCBuildConfiguration section */
		B639F48F20F11E1200B15727 /* Debug */ = {
			isa = XCBuildConfiguration;
			buildSettings = {
				ALWAYS_SEARCH_USER_PATHS = NO;
				CLANG_ANALYZER_NONNULL = YES;
				CLANG_ANALYZER_NUMBER_OBJECT_CONVERSION = YES_AGGRESSIVE;
				CLANG_CXX_LANGUAGE_STANDARD = "gnu++14";
				CLANG_CXX_LIBRARY = "libc++";
				CLANG_ENABLE_MODULES = YES;
				CLANG_ENABLE_OBJC_ARC = YES;
				CLANG_ENABLE_OBJC_WEAK = YES;
				CLANG_WARN_BLOCK_CAPTURE_AUTORELEASING = YES;
				CLANG_WARN_BOOL_CONVERSION = YES;
				CLANG_WARN_COMMA = YES;
				CLANG_WARN_CONSTANT_CONVERSION = YES;
				CLANG_WARN_DEPRECATED_OBJC_IMPLEMENTATIONS = YES;
				CLANG_WARN_DIRECT_OBJC_ISA_USAGE = YES_ERROR;
				CLANG_WARN_DOCUMENTATION_COMMENTS = YES;
				CLANG_WARN_EMPTY_BODY = YES;
				CLANG_WARN_ENUM_CONVERSION = YES;
				CLANG_WARN_INFINITE_RECURSION = YES;
				CLANG_WARN_INT_CONVERSION = YES;
				CLANG_WARN_NON_LITERAL_NULL_CONVERSION = YES;
				CLANG_WARN_OBJC_IMPLICIT_RETAIN_SELF = YES;
				CLANG_WARN_OBJC_LITERAL_CONVERSION = YES;
				CLANG_WARN_OBJC_ROOT_CLASS = YES_ERROR;
				CLANG_WARN_RANGE_LOOP_ANALYSIS = YES;
				CLANG_WARN_STRICT_PROTOTYPES = YES;
				CLANG_WARN_SUSPICIOUS_MOVE = YES;
				CLANG_WARN_UNGUARDED_AVAILABILITY = YES_AGGRESSIVE;
				CLANG_WARN_UNREACHABLE_CODE = YES;
				CLANG_WARN__DUPLICATE_METHOD_MATCH = YES;
				CODE_SIGN_IDENTITY = "iPhone Developer";
				COPY_PHASE_STRIP = NO;
				DEBUG_INFORMATION_FORMAT = dwarf;
				ENABLE_STRICT_OBJC_MSGSEND = YES;
				ENABLE_TESTABILITY = YES;
				GCC_C_LANGUAGE_STANDARD = gnu11;
				GCC_DYNAMIC_NO_PIC = NO;
				GCC_NO_COMMON_BLOCKS = YES;
				GCC_OPTIMIZATION_LEVEL = 0;
				GCC_PREPROCESSOR_DEFINITIONS = (
					"DEBUG=1",
					"$(inherited)",
				);
				GCC_WARN_64_TO_32_BIT_CONVERSION = YES;
				GCC_WARN_ABOUT_RETURN_TYPE = YES_ERROR;
				GCC_WARN_UNDECLARED_SELECTOR = YES;
				GCC_WARN_UNINITIALIZED_AUTOS = YES_AGGRESSIVE;
				GCC_WARN_UNUSED_FUNCTION = YES;
				GCC_WARN_UNUSED_VARIABLE = YES;
				IPHONEOS_DEPLOYMENT_TARGET = 11.4;
				MTL_ENABLE_DEBUG_INFO = YES;
				ONLY_ACTIVE_ARCH = YES;
				SDKROOT = iphoneos;
				SWIFT_ACTIVE_COMPILATION_CONDITIONS = DEBUG;
				SWIFT_OPTIMIZATION_LEVEL = "-Onone";
			};
			name = Debug;
		};
		B639F49020F11E1200B15727 /* Release */ = {
			isa = XCBuildConfiguration;
			buildSettings = {
				ALWAYS_SEARCH_USER_PATHS = NO;
				CLANG_ANALYZER_NONNULL = YES;
				CLANG_ANALYZER_NUMBER_OBJECT_CONVERSION = YES_AGGRESSIVE;
				CLANG_CXX_LANGUAGE_STANDARD = "gnu++14";
				CLANG_CXX_LIBRARY = "libc++";
				CLANG_ENABLE_MODULES = YES;
				CLANG_ENABLE_OBJC_ARC = YES;
				CLANG_ENABLE_OBJC_WEAK = YES;
				CLANG_WARN_BLOCK_CAPTURE_AUTORELEASING = YES;
				CLANG_WARN_BOOL_CONVERSION = YES;
				CLANG_WARN_COMMA = YES;
				CLANG_WARN_CONSTANT_CONVERSION = YES;
				CLANG_WARN_DEPRECATED_OBJC_IMPLEMENTATIONS = YES;
				CLANG_WARN_DIRECT_OBJC_ISA_USAGE = YES_ERROR;
				CLANG_WARN_DOCUMENTATION_COMMENTS = YES;
				CLANG_WARN_EMPTY_BODY = YES;
				CLANG_WARN_ENUM_CONVERSION = YES;
				CLANG_WARN_INFINITE_RECURSION = YES;
				CLANG_WARN_INT_CONVERSION = YES;
				CLANG_WARN_NON_LITERAL_NULL_CONVERSION = YES;
				CLANG_WARN_OBJC_IMPLICIT_RETAIN_SELF = YES;
				CLANG_WARN_OBJC_LITERAL_CONVERSION = YES;
				CLANG_WARN_OBJC_ROOT_CLASS = YES_ERROR;
				CLANG_WARN_RANGE_LOOP_ANALYSIS = YES;
				CLANG_WARN_STRICT_PROTOTYPES = YES;
				CLANG_WARN_SUSPICIOUS_MOVE = YES;
				CLANG_WARN_UNGUARDED_AVAILABILITY = YES_AGGRESSIVE;
				CLANG_WARN_UNREACHABLE_CODE = YES;
				CLANG_WARN__DUPLICATE_METHOD_MATCH = YES;
				CODE_SIGN_IDENTITY = "iPhone Developer";
				COPY_PHASE_STRIP = NO;
				DEBUG_INFORMATION_FORMAT = "dwarf-with-dsym";
				ENABLE_NS_ASSERTIONS = NO;
				ENABLE_STRICT_OBJC_MSGSEND = YES;
				GCC_C_LANGUAGE_STANDARD = gnu11;
				GCC_NO_COMMON_BLOCKS = YES;
				GCC_WARN_64_TO_32_BIT_CONVERSION = YES;
				GCC_WARN_ABOUT_RETURN_TYPE = YES_ERROR;
				GCC_WARN_UNDECLARED_SELECTOR = YES;
				GCC_WARN_UNINITIALIZED_AUTOS = YES_AGGRESSIVE;
				GCC_WARN_UNUSED_FUNCTION = YES;
				GCC_WARN_UNUSED_VARIABLE = YES;
				IPHONEOS_DEPLOYMENT_TARGET = 11.4;
				MTL_ENABLE_DEBUG_INFO = NO;
				SDKROOT = iphoneos;
				SWIFT_COMPILATION_MODE = wholemodule;
				SWIFT_OPTIMIZATION_LEVEL = "-O";
				VALIDATE_PRODUCT = YES;
			};
			name = Release;
		};
		B639F49220F11E1200B15727 /* Debug */ = {
			isa = XCBuildConfiguration;
			buildSettings = {
				ASSETCATALOG_COMPILER_APPICON_NAME = AppIcon;
				CODE_SIGN_STYLE = Automatic;
				DEVELOPMENT_TEAM = PKK87S6JNY;
				INFOPLIST_FILE = "$(SRCROOT)/FriendRater/Resources/Info.plist";
				LD_RUNPATH_SEARCH_PATHS = (
					"$(inherited)",
					"@executable_path/Frameworks",
				);
				PRODUCT_BUNDLE_IDENTIFIER = com.zachfrew.FriendRater;
				PRODUCT_NAME = "$(TARGET_NAME)";
				SWIFT_VERSION = 4.0;
				TARGETED_DEVICE_FAMILY = "1,2";
			};
			name = Debug;
		};
		B639F49320F11E1200B15727 /* Release */ = {
			isa = XCBuildConfiguration;
			buildSettings = {
				ASSETCATALOG_COMPILER_APPICON_NAME = AppIcon;
				CODE_SIGN_STYLE = Automatic;
				DEVELOPMENT_TEAM = PKK87S6JNY;
				INFOPLIST_FILE = "$(SRCROOT)/FriendRater/Resources/Info.plist";
				LD_RUNPATH_SEARCH_PATHS = (
					"$(inherited)",
					"@executable_path/Frameworks",
				);
				PRODUCT_BUNDLE_IDENTIFIER = com.zachfrew.FriendRater;
				PRODUCT_NAME = "$(TARGET_NAME)";
				SWIFT_VERSION = 4.0;
				TARGETED_DEVICE_FAMILY = "1,2";
			};
			name = Release;
		};
/* End XCBuildConfiguration section */

/* Begin XCConfigurationList section */
		B639F47A20F11E1000B15727 /* Build configuration list for PBXProject "FriendRater" */ = {
			isa = XCConfigurationList;
			buildConfigurations = (
				B639F48F20F11E1200B15727 /* Debug */,
				B639F49020F11E1200B15727 /* Release */,
			);
			defaultConfigurationIsVisible = 0;
			defaultConfigurationName = Release;
		};
		B639F49120F11E1200B15727 /* Build configuration list for PBXNativeTarget "FriendRater" */ = {
			isa = XCConfigurationList;
			buildConfigurations = (
				B639F49220F11E1200B15727 /* Debug */,
				B639F49320F11E1200B15727 /* Release */,
			);
			defaultConfigurationIsVisible = 0;
			defaultConfigurationName = Release;
		};
/* End XCConfigurationList section */
	};
	rootObject = B639F47720F11E1000B15727 /* Project object */;
}
